
Microsoft Visual Studio Solution File, Format Version 12.00
# Visual Studio Version 17
VisualStudioVersion = 17.14.36429.23 d17.14
MinimumVisualStudioVersion = 10.0.40219.1
Project("{888888A0-9F3D-457C-B088-3A5042F75D52}") = "travel_planning_and_experience_engine_code_wars", "travel_planning_and_experience_engine_code_wars.pyproj", "{C72D6531-1575-48AE-AAB1-2C5425C6D954}"
EndProject
Global
	GlobalSection(SolutionConfigurationPlatforms) = preSolution
		Debug|Any CPU = Debug|Any CPU
		Release|Any CPU = Release|Any CPU
	EndGlobalSection
	GlobalSection(ProjectConfigurationPlatforms) = postSolution
		{C72D6531-1575-48AE-AAB1-2C5425C6D954}.Debug|Any CPU.ActiveCfg = Debug|Any CPU
		{C72D6531-1575-48AE-AAB1-2C5425C6D954}.Release|Any CPU.ActiveCfg = Release|Any CPU
	EndGlobalSection
	GlobalSection(SolutionProperties) = preSolution
		HideSolutionNode = FALSE
	EndGlobalSection
	GlobalSection(ExtensibilityGlobals) = postSolution
		SolutionGuid = {A02F8F55-2458-4D2D-87CE-38E5F54338E8}
	EndGlobalSection
EndGlobal
